
Microsoft Visual Studio Solution File, Format Version 12.00
# Visual Studio 15
VisualStudioVersion = 15.0.28307.1022
MinimumVisualStudioVersion = 10.0.40219.1
Project("{FAE04EC0-301F-11D3-BF4B-00C04F79EFBC}") = "SaveUrlImg", "SaveUrlImg\SaveUrlImg.csproj", "{F2CA4BDE-5DAC-412C-A13B-709B6CF8C265}"
EndProject
Global
	GlobalSection(SolutionConfigurationPlatforms) = preSolution
		Debug|Any CPU = Debug|Any CPU
		Release|Any CPU = Release|Any CPU
	EndGlobalSection
	GlobalSection(ProjectConfigurationPlatforms) = postSolution
		{F2CA4BDE-5DAC-412C-A13B-709B6CF8C265}.Debug|Any CPU.ActiveCfg = Debug|Any CPU
		{F2CA4BDE-5DAC-412C-A13B-709B6CF8C265}.Debug|Any CPU.Build.0 = Debug|Any CPU
		{F2CA4BDE-5DAC-412C-A13B-709B6CF8C265}.Release|Any CPU.ActiveCfg = Release|Any CPU
		{F2CA4BDE-5DAC-412C-A13B-709B6CF8C265}.Release|Any CPU.Build.0 = Release|Any CPU
	EndGlobalSection
	GlobalSection(SolutionProperties) = preSolution
		HideSolutionNode = FALSE
	EndGlobalSection
	GlobalSection(ExtensibilityGlobals) = postSolution
		SolutionGuid = {DF2FFB9F-3DBC-446C-AF85-7F5982E1D5E5}
	EndGlobalSection
EndGlobal
